
Microsoft Visual Studio Solution File, Format Version 12.00
# Visual Studio Version 17
VisualStudioVersion = 17.2.32616.157
MinimumVisualStudioVersion = 10.0.40219.1
Project("{2150E333-8FDC-42A3-9474-1A3956D46DE8}") = "Microservices", "Microservices", "{AEA5FADB-29E4-4703-9474-EA647493C68D}"
EndProject
Project("{9A19103F-16F7-4668-BE54-9A1E7A4F7556}") = "CustomerWebApi", "CustomerWebApi\CustomerWebApi.csproj", "{756B0E9C-DD3C-47A1-B717-66E7016CB48F}"
EndProject
Project("{E53339B2-1760-4266-BCC7-CA923CBCF16C}") = "docker-compose", "docker-compose.dcproj", "{49DFA22A-239A-44ED-8097-D70017563CC9}"
EndProject
Project("{9A19103F-16F7-4668-BE54-9A1E7A4F7556}") = "ProductWebApi", "ProductWebApi\ProductWebApi.csproj", "{DC29BDC8-FA1B-44EF-AFA2-061A2DCCD7C1}"
EndProject
Project("{FAE04EC0-301F-11D3-BF4B-00C04F79EFBC}") = "OrderWebApi", "..\OrderWebApi\OrderWebApi.csproj", "{A5E78B4A-8DDF-4998-90FD-F262592F55EC}"
EndProject
Global
	GlobalSection(SolutionConfigurationPlatforms) = preSolution
		Debug|Any CPU = Debug|Any CPU
		Release|Any CPU = Release|Any CPU
	EndGlobalSection
	GlobalSection(ProjectConfigurationPlatforms) = postSolution
		{756B0E9C-DD3C-47A1-B717-66E7016CB48F}.Debug|Any CPU.ActiveCfg = Debug|Any CPU
		{756B0E9C-DD3C-47A1-B717-66E7016CB48F}.Debug|Any CPU.Build.0 = Debug|Any CPU
		{756B0E9C-DD3C-47A1-B717-66E7016CB48F}.Release|Any CPU.ActiveCfg = Release|Any CPU
		{756B0E9C-DD3C-47A1-B717-66E7016CB48F}.Release|Any CPU.Build.0 = Release|Any CPU
		{49DFA22A-239A-44ED-8097-D70017563CC9}.Debug|Any CPU.ActiveCfg = Debug|Any CPU
		{49DFA22A-239A-44ED-8097-D70017563CC9}.Debug|Any CPU.Build.0 = Debug|Any CPU
		{49DFA22A-239A-44ED-8097-D70017563CC9}.Release|Any CPU.ActiveCfg = Release|Any CPU
		{49DFA22A-239A-44ED-8097-D70017563CC9}.Release|Any CPU.Build.0 = Release|Any CPU
		{DC29BDC8-FA1B-44EF-AFA2-061A2DCCD7C1}.Debug|Any CPU.ActiveCfg = Debug|Any CPU
		{DC29BDC8-FA1B-44EF-AFA2-061A2DCCD7C1}.Debug|Any CPU.Build.0 = Debug|Any CPU
		{DC29BDC8-FA1B-44EF-AFA2-061A2DCCD7C1}.Release|Any CPU.ActiveCfg = Release|Any CPU
		{DC29BDC8-FA1B-44EF-AFA2-061A2DCCD7C1}.Release|Any CPU.Build.0 = Release|Any CPU
		{A5E78B4A-8DDF-4998-90FD-F262592F55EC}.Debug|Any CPU.ActiveCfg = Debug|Any CPU
		{A5E78B4A-8DDF-4998-90FD-F262592F55EC}.Debug|Any CPU.Build.0 = Debug|Any CPU
		{A5E78B4A-8DDF-4998-90FD-F262592F55EC}.Release|Any CPU.ActiveCfg = Release|Any CPU
		{A5E78B4A-8DDF-4998-90FD-F262592F55EC}.Release|Any CPU.Build.0 = Release|Any CPU
	EndGlobalSection
	GlobalSection(SolutionProperties) = preSolution
		HideSolutionNode = FALSE
	EndGlobalSection
	GlobalSection(NestedProjects) = preSolution
		{756B0E9C-DD3C-47A1-B717-66E7016CB48F} = {AEA5FADB-29E4-4703-9474-EA647493C68D}
		{DC29BDC8-FA1B-44EF-AFA2-061A2DCCD7C1} = {AEA5FADB-29E4-4703-9474-EA647493C68D}
		{A5E78B4A-8DDF-4998-90FD-F262592F55EC} = {AEA5FADB-29E4-4703-9474-EA647493C68D}
	EndGlobalSection
	GlobalSection(ExtensibilityGlobals) = postSolution
		SolutionGuid = {CCB8F150-F852-4D22-B4E3-574B2011E527}
	EndGlobalSection
EndGlobal
