
Microsoft Visual Studio Solution File, Format Version 12.00
# Visual Studio Version 17
VisualStudioVersion = 17.2.32616.157
MinimumVisualStudioVersion = 10.0.40219.1
Project("{2150E333-8FDC-42A3-9474-1A3956D46DE8}") = "Microservices", "Microservices", "{AEA5FADB-29E4-4703-9474-EA647493C68D}"
EndProject
Project("{9A19103F-16F7-4668-BE54-9A1E7A4F7556}") = "CustomerWebApi", "DemoMicroserviceSolution\CustomerWebApi\CustomerWebApi.csproj", "{756B0E9C-DD3C-47A1-B717-66E7016CB48F}"
EndProject
Project("{9A19103F-16F7-4668-BE54-9A1E7A4F7556}") = "ProductWebApi", "DemoMicroserviceSolution\ProductWebApi\ProductWebApi.csproj", "{DC29BDC8-FA1B-44EF-AFA2-061A2DCCD7C1}"
EndProject
Project("{9A19103F-16F7-4668-BE54-9A1E7A4F7556}") = "OrderWebApi", "DemoMicroserviceSolution\OrderWebApi\OrderWebApi.csproj", "{0EC8B006-686C-4CAF-9B17-6F089C77145A}"
EndProject
Project("{E53339B2-1760-4266-BCC7-CA923CBCF16C}") = "docker-compose", "docker-compose.dcproj", "{243D3785-B6B8-44AD-8B52-63BB8D830FD4}"
EndProject
Project("{2150E333-8FDC-42A3-9474-1A3956D46DE8}") = "ApiGateway", "ApiGateway", "{0F11DE4D-0EF5-4AA0-90DC-A117917EF32A}"
EndProject
Project("{FAE04EC0-301F-11D3-BF4B-00C04F79EFBC}") = "ApiGateway", "ApiGateway\ApiGateway.csproj", "{EA1210B4-676C-4C82-9102-B035AA3FAF68}"
EndProject
Global
	GlobalSection(SolutionConfigurationPlatforms) = preSolution
		Debug|Any CPU = Debug|Any CPU
		Release|Any CPU = Release|Any CPU
	EndGlobalSection
	GlobalSection(ProjectConfigurationPlatforms) = postSolution
		{756B0E9C-DD3C-47A1-B717-66E7016CB48F}.Debug|Any CPU.ActiveCfg = Debug|Any CPU
		{756B0E9C-DD3C-47A1-B717-66E7016CB48F}.Debug|Any CPU.Build.0 = Debug|Any CPU
		{756B0E9C-DD3C-47A1-B717-66E7016CB48F}.Release|Any CPU.ActiveCfg = Release|Any CPU
		{756B0E9C-DD3C-47A1-B717-66E7016CB48F}.Release|Any CPU.Build.0 = Release|Any CPU
		{DC29BDC8-FA1B-44EF-AFA2-061A2DCCD7C1}.Debug|Any CPU.ActiveCfg = Debug|Any CPU
		{DC29BDC8-FA1B-44EF-AFA2-061A2DCCD7C1}.Debug|Any CPU.Build.0 = Debug|Any CPU
		{DC29BDC8-FA1B-44EF-AFA2-061A2DCCD7C1}.Release|Any CPU.ActiveCfg = Release|Any CPU
		{DC29BDC8-FA1B-44EF-AFA2-061A2DCCD7C1}.Release|Any CPU.Build.0 = Release|Any CPU
		{0EC8B006-686C-4CAF-9B17-6F089C77145A}.Debug|Any CPU.ActiveCfg = Debug|Any CPU
		{0EC8B006-686C-4CAF-9B17-6F089C77145A}.Debug|Any CPU.Build.0 = Debug|Any CPU
		{0EC8B006-686C-4CAF-9B17-6F089C77145A}.Release|Any CPU.ActiveCfg = Release|Any CPU
		{0EC8B006-686C-4CAF-9B17-6F089C77145A}.Release|Any CPU.Build.0 = Release|Any CPU
		{243D3785-B6B8-44AD-8B52-63BB8D830FD4}.Debug|Any CPU.ActiveCfg = Debug|Any CPU
		{243D3785-B6B8-44AD-8B52-63BB8D830FD4}.Debug|Any CPU.Build.0 = Debug|Any CPU
		{243D3785-B6B8-44AD-8B52-63BB8D830FD4}.Release|Any CPU.ActiveCfg = Release|Any CPU
		{243D3785-B6B8-44AD-8B52-63BB8D830FD4}.Release|Any CPU.Build.0 = Release|Any CPU
		{EA1210B4-676C-4C82-9102-B035AA3FAF68}.Debug|Any CPU.ActiveCfg = Debug|Any CPU
		{EA1210B4-676C-4C82-9102-B035AA3FAF68}.Debug|Any CPU.Build.0 = Debug|Any CPU
		{EA1210B4-676C-4C82-9102-B035AA3FAF68}.Release|Any CPU.ActiveCfg = Release|Any CPU
		{EA1210B4-676C-4C82-9102-B035AA3FAF68}.Release|Any CPU.Build.0 = Release|Any CPU
	EndGlobalSection
	GlobalSection(SolutionProperties) = preSolution
		HideSolutionNode = FALSE
	EndGlobalSection
	GlobalSection(NestedProjects) = preSolution
		{756B0E9C-DD3C-47A1-B717-66E7016CB48F} = {AEA5FADB-29E4-4703-9474-EA647493C68D}
		{DC29BDC8-FA1B-44EF-AFA2-061A2DCCD7C1} = {AEA5FADB-29E4-4703-9474-EA647493C68D}
		{0EC8B006-686C-4CAF-9B17-6F089C77145A} = {AEA5FADB-29E4-4703-9474-EA647493C68D}
		{EA1210B4-676C-4C82-9102-B035AA3FAF68} = {0F11DE4D-0EF5-4AA0-90DC-A117917EF32A}
	EndGlobalSection
	GlobalSection(ExtensibilityGlobals) = postSolution
		SolutionGuid = {CCB8F150-F852-4D22-B4E3-574B2011E527}
	EndGlobalSection
EndGlobal
